// !$*UTF8*$!
{
	archiveVersion = 1;
	classes = {
	};
	objectVersion = 50;
	objects = {

/* Begin PBXBuildFile section */
		E88A11742720949C00DEC442 /* AppDelegate.swift in Sources */ = {isa = PBXBuildFile; fileRef = E88A11732720949C00DEC442 /* AppDelegate.swift */; };
		E88A11762720949C00DEC442 /* SceneDelegate.swift in Sources */ = {isa = PBXBuildFile; fileRef = E88A11752720949C00DEC442 /* SceneDelegate.swift */; };
		E88A11782720949C00DEC442 /* ViewController.swift in Sources */ = {isa = PBXBuildFile; fileRef = E88A11772720949C00DEC442 /* ViewController.swift */; };
		E88A117B2720949C00DEC442 /* Main.storyboard in Resources */ = {isa = PBXBuildFile; fileRef = E88A11792720949C00DEC442 /* Main.storyboard */; };
		E88A117E2720949C00DEC442 /* SoundBoard.xcdatamodeld in Sources */ = {isa = PBXBuildFile; fileRef = E88A117C2720949C00DEC442 /* SoundBoard.xcdatamodeld */; };
		E88A11802720949D00DEC442 /* Assets.xcassets in Resources */ = {isa = PBXBuildFile; fileRef = E88A117F2720949D00DEC442 /* Assets.xcassets */; };
		E88A11832720949D00DEC442 /* LaunchScreen.storyboard in Resources */ = {isa = PBXBuildFile; fileRef = E88A11812720949D00DEC442 /* LaunchScreen.storyboard */; };
		E88A118B2720A2D100DEC442 /* SoundViewController.swift in Sources */ = {isa = PBXBuildFile; fileRef = E88A118A2720A2D100DEC442 /* SoundViewController.swift */; };
/* End PBXBuildFile section */

/* Begin PBXFileReference section */
		E88A11702720949C00DEC442 /* SoundBoard.app */ = {isa = PBXFileReference; explicitFileType = wrapper.application; includeInIndex = 0; path = SoundBoard.app; sourceTree = BUILT_PRODUCTS_DIR; };
		E88A11732720949C00DEC442 /* AppDelegate.swift */ = {isa = PBXFileReference; lastKnownFileType = sourcecode.swift; path = AppDelegate.swift; sourceTree = "<group>"; };
		E88A11752720949C00DEC442 /* SceneDelegate.swift */ = {isa = PBXFileReference; lastKnownFileType = sourcecode.swift; path = SceneDelegate.swift; sourceTree = "<group>"; };
		E88A11772720949C00DEC442 /* ViewController.swift */ = {isa = PBXFileReference; lastKnownFileType = sourcecode.swift; path = ViewController.swift; sourceTree = "<group>"; };
		E88A117A2720949C00DEC442 /* Base */ = {isa = PBXFileReference; lastKnownFileType = file.storyboard; name = Base; path = Base.lproj/Main.storyboard; sourceTree = "<group>"; };
		E88A117D2720949C00DEC442 /* SoundBoard.xcdatamodel */ = {isa = PBXFileReference; lastKnownFileType = wrapper.xcdatamodel; path = SoundBoard.xcdatamodel; sourceTree = "<group>"; };
		E88A117F2720949D00DEC442 /* Assets.xcassets */ = {isa = PBXFileReference; lastKnownFileType = folder.assetcatalog; path = Assets.xcassets; sourceTree = "<group>"; };
		E88A11822720949D00DEC442 /* Base */ = {isa = PBXFileReference; lastKnownFileType = file.storyboard; name = Base; path = Base.lproj/LaunchScreen.storyboard; sourceTree = "<group>"; };
		E88A11842720949D00DEC442 /* Info.plist */ = {isa = PBXFileReference; lastKnownFileType = text.plist.xml; path = Info.plist; sourceTree = "<group>"; };
		E88A118A2720A2D100DEC442 /* SoundViewController.swift */ = {isa = PBXFileReference; lastKnownFileType = sourcecode.swift; path = SoundViewController.swift; sourceTree = "<group>"; };
/* End PBXFileReference section */

/* Begin PBXFrameworksBuildPhase section */
		E88A116D2720949C00DEC442 /* Frameworks */ = {
			isa = PBXFrameworksBuildPhase;
			buildActionMask = 2147483647;
			files = (
			);
			runOnlyForDeploymentPostprocessing = 0;
		};
/* End PBXFrameworksBuildPhase section */

/* Begin PBXGroup section */
		E88A11672720949C00DEC442 = {
			isa = PBXGroup;
			children = (
				E88A11722720949C00DEC442 /* SoundBoard */,
				E88A11712720949C00DEC442 /* Products */,
			);
			sourceTree = "<group>";
		};
		E88A11712720949C00DEC442 /* Products */ = {
			isa = PBXGroup;
			children = (
				E88A11702720949C00DEC442 /* SoundBoard.app */,
			);
			name = Products;
			sourceTree = "<group>";
		};
		E88A11722720949C00DEC442 /* SoundBoard */ = {
			isa = PBXGroup;
			children = (
				E88A11732720949C00DEC442 /* AppDelegate.swift */,
				E88A11752720949C00DEC442 /* SceneDelegate.swift */,
				E88A11772720949C00DEC442 /* ViewController.swift */,
				E88A11792720949C00DEC442 /* Main.storyboard */,
				E88A118A2720A2D100DEC442 /* SoundViewController.swift */,
				E88A117F2720949D00DEC442 /* Assets.xcassets */,
				E88A11812720949D00DEC442 /* LaunchScreen.storyboard */,
				E88A11842720949D00DEC442 /* Info.plist */,
				E88A117C2720949C00DEC442 /* SoundBoard.xcdatamodeld */,
			);
			path = SoundBoard;
			sourceTree = "<group>";
		};
/* End PBXGroup section */

/* Begin PBXNativeTarget section */
		E88A116F2720949C00DEC442 /* SoundBoard */ = {
			isa = PBXNativeTarget;
			buildConfigurationList = E88A11872720949D00DEC442 /* Build configuration list for PBXNativeTarget "SoundBoard" */;
			buildPhases = (
				E88A116C2720949C00DEC442 /* Sources */,
				E88A116D2720949C00DEC442 /* Frameworks */,
				E88A116E2720949C00DEC442 /* Resources */,
			);
			buildRules = (
			);
			dependencies = (
			);
			name = SoundBoard;
			productName = SoundBoard;
			productReference = E88A11702720949C00DEC442 /* SoundBoard.app */;
			productType = "com.apple.product-type.application";
		};
/* End PBXNativeTarget section */

/* Begin PBXProject section */
		E88A11682720949C00DEC442 /* Project object */ = {
			isa = PBXProject;
			attributes = {
				LastSwiftUpdateCheck = 1130;
				LastUpgradeCheck = 1130;
				ORGANIZATIONNAME = "Mac 09";
				TargetAttributes = {
					E88A116F2720949C00DEC442 = {
						CreatedOnToolsVersion = 11.3;
					};
				};
			};
			buildConfigurationList = E88A116B2720949C00DEC442 /* Build configuration list for PBXProject "SoundBoard" */;
			compatibilityVersion = "Xcode 9.3";
			developmentRegion = en;
			hasScannedForEncodings = 0;
			knownRegions = (
				en,
				Base,
			);
			mainGroup = E88A11672720949C00DEC442;
			productRefGroup = E88A11712720949C00DEC442 /* Products */;
			projectDirPath = "";
			projectRoot = "";
			targets = (
				E88A116F2720949C00DEC442 /* SoundBoard */,
			);
		};
/* End PBXProject section */

/* Begin PBXResourcesBuildPhase section */
		E88A116E2720949C00DEC442 /* Resources */ = {
			isa = PBXResourcesBuildPhase;
			buildActionMask = 2147483647;
			files = (
				E88A11832720949D00DEC442 /* LaunchScreen.storyboard in Resources */,
				E88A11802720949D00DEC442 /* Assets.xcassets in Resources */,
				E88A117B2720949C00DEC442 /* Main.storyboard in Resources */,
			);
			runOnlyForDeploymentPostprocessing = 0;
		};
/* End PBXResourcesBuildPhase section */

/* Begin PBXSourcesBuildPhase section */
		E88A116C2720949C00DEC442 /* Sources */ = {
			isa = PBXSourcesBuildPhase;
			buildActionMask = 2147483647;
			files = (
				E88A117E2720949C00DEC442 /* SoundBoard.xcdatamodeld in Sources */,
				E88A11782720949C00DEC442 /* ViewController.swift in Sources */,
				E88A11742720949C00DEC442 /* AppDelegate.swift in Sources */,
				E88A11762720949C00DEC442 /* SceneDelegate.swift in Sources */,
				E88A118B2720A2D100DEC442 /* SoundViewController.swift in Sources */,
			);
			runOnlyForDeploymentPostprocessing = 0;
		};
/* End PBXSourcesBuildPhase section */

/* Begin PBXVariantGroup section */
		E88A11792720949C00DEC442 /* Main.storyboard */ = {
			isa = PBXVariantGroup;
			children = (
				E88A117A2720949C00DEC442 /* Base */,
			);
			name = Main.storyboard;
			sourceTree = "<group>";
		};
		E88A11812720949D00DEC442 /* LaunchScreen.storyboard */ = {
			isa = PBXVariantGroup;
			children = (
				E88A11822720949D00DEC442 /* Base */,
			);
			name = LaunchScreen.storyboard;
			sourceTree = "<group>";
		};
/* End PBXVariantGroup section */

/* Begin XCBuildConfiguration section */
		E88A11852720949D00DEC442 /* Debug */ = {
			isa = XCBuildConfiguration;
			buildSettings = {
				ALWAYS_SEARCH_USER_PATHS = NO;
				CLANG_ANALYZER_NONNULL = YES;
				CLANG_ANALYZER_NUMBER_OBJECT_CONVERSION = YES_AGGRESSIVE;
				CLANG_CXX_LANGUAGE_STANDARD = "gnu++14";
				CLANG_CXX_LIBRARY = "libc++";
				CLANG_ENABLE_MODULES = YES;
				CLANG_ENABLE_OBJC_ARC = YES;
				CLANG_ENABLE_OBJC_WEAK = YES;
				CLANG_WARN_BLOCK_CAPTURE_AUTORELEASING = YES;
				CLANG_WARN_BOOL_CONVERSION = YES;
				CLANG_WARN_COMMA = YES;
				CLANG_WARN_CONSTANT_CONVERSION = YES;
				CLANG_WARN_DEPRECATED_OBJC_IMPLEMENTATIONS = YES;
				CLANG_WARN_DIRECT_OBJC_ISA_USAGE = YES_ERROR;
				CLANG_WARN_DOCUMENTATION_COMMENTS = YES;
				CLANG_WARN_EMPTY_BODY = YES;
				CLANG_WARN_ENUM_CONVERSION = YES;
				CLANG_WARN_INFINITE_RECURSION = YES;
				CLANG_WARN_INT_CONVERSION = YES;
				CLANG_WARN_NON_LITERAL_NULL_CONVERSION = YES;
				CLANG_WARN_OBJC_IMPLICIT_RETAIN_SELF = YES;
				CLANG_WARN_OBJC_LITERAL_CONVERSION = YES;
				CLANG_WARN_OBJC_ROOT_CLASS = YES_ERROR;
				CLANG_WARN_RANGE_LOOP_ANALYSIS = YES;
				CLANG_WARN_STRICT_PROTOTYPES = YES;
				CLANG_WARN_SUSPICIOUS_MOVE = YES;
				CLANG_WARN_UNGUARDED_AVAILABILITY = YES_AGGRESSIVE;
				CLANG_WARN_UNREACHABLE_CODE = YES;
				CLANG_WARN__DUPLICATE_METHOD_MATCH = YES;
				COPY_PHASE_STRIP = NO;
				DEBUG_INFORMATION_FORMAT = dwarf;
				ENABLE_STRICT_OBJC_MSGSEND = YES;
				ENABLE_TESTABILITY = YES;
				GCC_C_LANGUAGE_STANDARD = gnu11;
				GCC_DYNAMIC_NO_PIC = NO;
				GCC_NO_COMMON_BLOCKS = YES;
				GCC_OPTIMIZATION_LEVEL = 0;
				GCC_PREPROCESSOR_DEFINITIONS = (
					"DEBUG=1",
					"$(inherited)",
				);
				GCC_WARN_64_TO_32_BIT_CONVERSION = YES;
				GCC_WARN_ABOUT_RETURN_TYPE = YES_ERROR;
				GCC_WARN_UNDECLARED_SELECTOR = YES;
				GCC_WARN_UNINITIALIZED_AUTOS = YES_AGGRESSIVE;
				GCC_WARN_UNUSED_FUNCTION = YES;
				GCC_WARN_UNUSED_VARIABLE = YES;
				IPHONEOS_DEPLOYMENT_TARGET = 13.2;
				MTL_ENABLE_DEBUG_INFO = INCLUDE_SOURCE;
				MTL_FAST_MATH = YES;
				ONLY_ACTIVE_ARCH = YES;
				SDKROOT = iphoneos;
				SWIFT_ACTIVE_COMPILATION_CONDITIONS = DEBUG;
				SWIFT_OPTIMIZATION_LEVEL = "-Onone";
			};
			name = Debug;
		};
		E88A11862720949D00DEC442 /* Release */ = {
			isa = XCBuildConfiguration;
			buildSettings = {
				ALWAYS_SEARCH_USER_PATHS = NO;
				CLANG_ANALYZER_NONNULL = YES;
				CLANG_ANALYZER_NUMBER_OBJECT_CONVERSION = YES_AGGRESSIVE;
				CLANG_CXX_LANGUAGE_STANDARD = "gnu++14";
				CLANG_CXX_LIBRARY = "libc++";
				CLANG_ENABLE_MODULES = YES;
				CLANG_ENABLE_OBJC_ARC = YES;
				CLANG_ENABLE_OBJC_WEAK = YES;
				CLANG_WARN_BLOCK_CAPTURE_AUTORELEASING = YES;
				CLANG_WARN_BOOL_CONVERSION = YES;
				CLANG_WARN_COMMA = YES;
				CLANG_WARN_CONSTANT_CONVERSION = YES;
				CLANG_WARN_DEPRECATED_OBJC_IMPLEMENTATIONS = YES;
				CLANG_WARN_DIRECT_OBJC_ISA_USAGE = YES_ERROR;
				CLANG_WARN_DOCUMENTATION_COMMENTS = YES;
				CLANG_WARN_EMPTY_BODY = YES;
				CLANG_WARN_ENUM_CONVERSION = YES;
				CLANG_WARN_INFINITE_RECURSION = YES;
				CLANG_WARN_INT_CONVERSION = YES;
				CLANG_WARN_NON_LITERAL_NULL_CONVERSION = YES;
				CLANG_WARN_OBJC_IMPLICIT_RETAIN_SELF = YES;
				CLANG_WARN_OBJC_LITERAL_CONVERSION = YES;
				CLANG_WARN_OBJC_ROOT_CLASS = YES_ERROR;
				CLANG_WARN_RANGE_LOOP_ANALYSIS = YES;
				CLANG_WARN_STRICT_PROTOTYPES = YES;
				CLANG_WARN_SUSPICIOUS_MOVE = YES;
				CLANG_WARN_UNGUARDED_AVAILABILITY = YES_AGGRESSIVE;
				CLANG_WARN_UNREACHABLE_CODE = YES;
				CLANG_WARN__DUPLICATE_METHOD_MATCH = YES;
				COPY_PHASE_STRIP = NO;
				DEBUG_INFORMATION_FORMAT = "dwarf-with-dsym";
				ENABLE_NS_ASSERTIONS = NO;
				ENABLE_STRICT_OBJC_MSGSEND = YES;
				GCC_C_LANGUAGE_STANDARD = gnu11;
				GCC_NO_COMMON_BLOCKS = YES;
				GCC_WARN_64_TO_32_BIT_CONVERSION = YES;
				GCC_WARN_ABOUT_RETURN_TYPE = YES_ERROR;
				GCC_WARN_UNDECLARED_SELECTOR = YES;
				GCC_WARN_UNINITIALIZED_AUTOS = YES_AGGRESSIVE;
				GCC_WARN_UNUSED_FUNCTION = YES;
				GCC_WARN_UNUSED_VARIABLE = YES;
				IPHONEOS_DEPLOYMENT_TARGET = 13.2;
				MTL_ENABLE_DEBUG_INFO = NO;
				MTL_FAST_MATH = YES;
				SDKROOT = iphoneos;
				SWIFT_COMPILATION_MODE = wholemodule;
				SWIFT_OPTIMIZATION_LEVEL = "-O";
				VALIDATE_PRODUCT = YES;
			};
			name = Release;
		};
		E88A11882720949D00DEC442 /* Debug */ = {
			isa = XCBuildConfiguration;
			buildSettings = {
				ASSETCATALOG_COMPILER_APPICON_NAME = AppIcon;
				CODE_SIGN_STYLE = Automatic;
				INFOPLIST_FILE = SoundBoard/Info.plist;
				LD_RUNPATH_SEARCH_PATHS = (
					"$(inherited)",
					"@executable_path/Frameworks",
				);
				PRODUCT_BUNDLE_IDENTIFIER = com.FiorellaG.SoundBoard;
				PRODUCT_NAME = "$(TARGET_NAME)";
				SWIFT_VERSION = 5.0;
				TARGETED_DEVICE_FAMILY = "1,2";
			};
			name = Debug;
		};
		E88A11892720949D00DEC442 /* Release */ = {
			isa = XCBuildConfiguration;
			buildSettings = {
				ASSETCATALOG_COMPILER_APPICON_NAME = AppIcon;
				CODE_SIGN_STYLE = Automatic;
				INFOPLIST_FILE = SoundBoard/Info.plist;
				LD_RUNPATH_SEARCH_PATHS = (
					"$(inherited)",
					"@executable_path/Frameworks",
				);
				PRODUCT_BUNDLE_IDENTIFIER = com.FiorellaG.SoundBoard;
				PRODUCT_NAME = "$(TARGET_NAME)";
				SWIFT_VERSION = 5.0;
				TARGETED_DEVICE_FAMILY = "1,2";
			};
			name = Release;
		};
/* End XCBuildConfiguration section */

/* Begin XCConfigurationList section */
		E88A116B2720949C00DEC442 /* Build configuration list for PBXProject "SoundBoard" */ = {
			isa = XCConfigurationList;
			buildConfigurations = (
				E88A11852720949D00DEC442 /* Debug */,
				E88A11862720949D00DEC442 /* Release */,
			);
			defaultConfigurationIsVisible = 0;
			defaultConfigurationName = Release;
		};
		E88A11872720949D00DEC442 /* Build configuration list for PBXNativeTarget "SoundBoard" */ = {
			isa = XCConfigurationList;
			buildConfigurations = (
				E88A11882720949D00DEC442 /* Debug */,
				E88A11892720949D00DEC442 /* Release */,
			);
			defaultConfigurationIsVisible = 0;
			defaultConfigurationName = Release;
		};
/* End XCConfigurationList section */

/* Begin XCVersionGroup section */
		E88A117C2720949C00DEC442 /* SoundBoard.xcdatamodeld */ = {
			isa = XCVersionGroup;
			children = (
				E88A117D2720949C00DEC442 /* SoundBoard.xcdatamodel */,
			);
			currentVersion = E88A117D2720949C00DEC442 /* SoundBoard.xcdatamodel */;
			path = SoundBoard.xcdatamodeld;
			sourceTree = "<group>";
			versionGroupType = wrapper.xcdatamodel;
		};
/* End XCVersionGroup section */
	};
	rootObject = E88A11682720949C00DEC442 /* Project object */;
}
